// !$*UTF8*$!
{
	archiveVersion = 1;
	classes = {
	};
	objectVersion = 77;
	objects = {

/* Begin PBXBuildFile section */
		3934A1B22F5EEC68003ABB57 /* Configuration.storekit in Resources */ = {isa = PBXBuildFile; fileRef = 3934A1B12F5EEC68003ABB57 /* Configuration.storekit */; };
/* End PBXBuildFile section */

/* Begin PBXBuildRule section */
		39323C692F46007100652742 /* PBXBuildRule */ = {
			isa = PBXBuildRule;
			compilerSpec = com.apple.compilers.proxy.script;
			fileType = pattern.proxy;
			inputFiles = (
			);
			isEditable = 1;
			outputFiles = (
			);
			script = "# Type a script or drag a script file from your workspace to insert its path.\n";
		};
/* End PBXBuildRule section */

/* Begin PBXContainerItemProxy section */
		39EC34892F3A03F800E89830 /* PBXContainerItemProxy */ = {
			isa = PBXContainerItemProxy;
			containerPortal = 39EC34712F3A03F400E89830 /* Project object */;
			proxyType = 1;
			remoteGlobalIDString = 39EC34782F3A03F400E89830;
			remoteInfo = MountainBrowser;
		};
		39EC34932F3A03F800E89830 /* PBXContainerItemProxy */ = {
			isa = PBXContainerItemProxy;
			containerPortal = 39EC34712F3A03F400E89830 /* Project object */;
			proxyType = 1;
			remoteGlobalIDString = 39EC34782F3A03F400E89830;
			remoteInfo = MountainBrowser;
		};
/* End PBXContainerItemProxy section */

/* Begin PBXFileReference section */
		3934A1B12F5EEC68003ABB57 /* Configuration.storekit */ = {isa = PBXFileReference; lastKnownFileType = text; path = Configuration.storekit; sourceTree = "<group>"; };
		39EC34792F3A03F400E89830 /* MountainBrowser.app */ = {isa = PBXFileReference; explicitFileType = wrapper.application; includeInIndex = 0; path = MountainBrowser.app; sourceTree = BUILT_PRODUCTS_DIR; };
		39EC34882F3A03F800E89830 /* MountainBrowserTests.xctest */ = {isa = PBXFileReference; explicitFileType = wrapper.cfbundle; includeInIndex = 0; path = MountainBrowserTests.xctest; sourceTree = BUILT_PRODUCTS_DIR; };
		39EC34922F3A03F800E89830 /* MountainBrowserUITests.xctest */ = {isa = PBXFileReference; explicitFileType = wrapper.cfbundle; includeInIndex = 0; path = MountainBrowserUITests.xctest; sourceTree = BUILT_PRODUCTS_DIR; };
/* End PBXFileReference section */

/* Begin PBXFileSystemSynchronizedBuildFileExceptionSet section */
		39EC347C2F3A03F400E89831 /* Exceptions for "MountainBrowser" folder in "MountainBrowser" target */ = {
			isa = PBXFileSystemSynchronizedBuildFileExceptionSet;
			membershipExceptions = (
				Info.plist,
			);
			target = 39EC34782F3A03F400E89830 /* MountainBrowser */;
		};
/* End PBXFileSystemSynchronizedBuildFileExceptionSet section */

/* Begin PBXFileSystemSynchronizedRootGroup section */
		39EC347B2F3A03F400E89830 /* MountainBrowser */ = {
			isa = PBXFileSystemSynchronizedRootGroup;
			exceptions = (
				39EC347C2F3A03F400E89831 /* Exceptions for "MountainBrowser" folder in "MountainBrowser" target */,
			);
			path = MountainBrowser;
			sourceTree = "<group>";
		};
		39EC348B2F3A03F800E89830 /* MountainBrowserTests */ = {
			isa = PBXFileSystemSynchronizedRootGroup;
			path = MountainBrowserTests;
			sourceTree = "<group>";
		};
		39EC34952F3A03F800E89830 /* MountainBrowserUITests */ = {
			isa = PBXFileSystemSynchronizedRootGroup;
			path = MountainBrowserUITests;
			sourceTree = "<group>";
		};
/* End PBXFileSystemSynchronizedRootGroup section */

/* Begin PBXFrameworksBuildPhase section */
		39EC34762F3A03F400E89830 /* Frameworks */ = {
			isa = PBXFrameworksBuildPhase;
			buildActionMask = 2147483647;
			files = (
			);
			runOnlyForDeploymentPostprocessing = 0;
		};
		39EC34852F3A03F800E89830 /* Frameworks */ = {
			isa = PBXFrameworksBuildPhase;
			buildActionMask = 2147483647;
			files = (
			);
			runOnlyForDeploymentPostprocessing = 0;
		};
		39EC348F2F3A03F800E89830 /* Frameworks */ = {
			isa = PBXFrameworksBuildPhase;
			buildActionMask = 2147483647;
			files = (
			);
			runOnlyForDeploymentPostprocessing = 0;
		};
/* End PBXFrameworksBuildPhase section */

/* Begin PBXGroup section */
		39EC34702F3A03F400E89830 = {
			isa = PBXGroup;
			children = (
				3934A1B12F5EEC68003ABB57 /* Configuration.storekit */,
				39EC347B2F3A03F400E89830 /* MountainBrowser */,
				39EC348B2F3A03F800E89830 /* MountainBrowserTests */,
				39EC34952F3A03F800E89830 /* MountainBrowserUITests */,
				39EC347A2F3A03F400E89830 /* Products */,
			);
			sourceTree = "<group>";
		};
		39EC347A2F3A03F400E89830 /* Products */ = {
			isa = PBXGroup;
			children = (
				39EC34792F3A03F400E89830 /* MountainBrowser.app */,
				39EC34882F3A03F800E89830 /* MountainBrowserTests.xctest */,
				39EC34922F3A03F800E89830 /* MountainBrowserUITests.xctest */,
			);
			name = Products;
			sourceTree = "<group>";
		};
/* End PBXGroup section */

/* Begin PBXNativeTarget section */
		39EC34782F3A03F400E89830 /* MountainBrowser */ = {
			isa = PBXNativeTarget;
			buildConfigurationList = 39EC349C2F3A03F800E89830 /* Build configuration list for PBXNativeTarget "MountainBrowser" */;
			buildPhases = (
				39EC34752F3A03F400E89830 /* Sources */,
				39EC34762F3A03F400E89830 /* Frameworks */,
				39EC34772F3A03F400E89830 /* Resources */,
			);
			buildRules = (
				39323C692F46007100652742 /* PBXBuildRule */,
			);
			dependencies = (
			);
			fileSystemSynchronizedGroups = (
				39EC347B2F3A03F400E89830 /* MountainBrowser */,
			);
			name = MountainBrowser;
			packageProductDependencies = (
			);
			productName = MountainBrowser;
			productReference = 39EC34792F3A03F400E89830 /* MountainBrowser.app */;
			productType = "com.apple.product-type.application";
		};
		39EC34872F3A03F800E89830 /* MountainBrowserTests */ = {
			isa = PBXNativeTarget;
			buildConfigurationList = 39EC349F2F3A03F800E89830 /* Build configuration list for PBXNativeTarget "MountainBrowserTests" */;
			buildPhases = (
				39EC34842F3A03F800E89830 /* Sources */,
				39EC34852F3A03F800E89830 /* Frameworks */,
				39EC34862F3A03F800E89830 /* Resources */,
			);
			buildRules = (
			);
			dependencies = (
				39EC348A2F3A03F800E89830 /* PBXTargetDependency */,
			);
			fileSystemSynchronizedGroups = (
				39EC348B2F3A03F800E89830 /* MountainBrowserTests */,
			);
			name = MountainBrowserTests;
			packageProductDependencies = (
			);
			productName = MountainBrowserTests;
			productReference = 39EC34882F3A03F800E89830 /* MountainBrowserTests.xctest */;
			productType = "com.apple.product-type.bundle.unit-test";
		};
		39EC34912F3A03F800E89830 /* MountainBrowserUITests */ = {
			isa = PBXNativeTarget;
			buildConfigurationList = 39EC34A22F3A03F800E89830 /* Build configuration list for PBXNativeTarget "MountainBrowserUITests" */;
			buildPhases = (
				39EC348E2F3A03F800E89830 /* Sources */,
				39EC348F2F3A03F800E89830 /* Frameworks */,
				39EC34902F3A03F800E89830 /* Resources */,
			);
			buildRules = (
			);
			dependencies = (
				39EC34942F3A03F800E89830 /* PBXTargetDependency */,
			);
			fileSystemSynchronizedGroups = (
				39EC34952F3A03F800E89830 /* MountainBrowserUITests */,
			);
			name = MountainBrowserUITests;
			packageProductDependencies = (
			);
			productName = MountainBrowserUITests;
			productReference = 39EC34922F3A03F800E89830 /* MountainBrowserUITests.xctest */;
			productType = "com.apple.product-type.bundle.ui-testing";
		};
/* End PBXNativeTarget section */

/* Begin PBXProject section */
		39EC34712F3A03F400E89830 /* Project object */ = {
			isa = PBXProject;
			attributes = {
				BuildIndependentTargetsInParallel = 1;
				KnownAssetTags = (
					New,
					"New-1",
					"New-2",
				);
				LastSwiftUpdateCheck = 2620;
				LastUpgradeCheck = 2630;
				TargetAttributes = {
					39EC34782F3A03F400E89830 = {
						CreatedOnToolsVersion = 26.2;
					};
					39EC34872F3A03F800E89830 = {
						CreatedOnToolsVersion = 26.2;
						TestTargetID = 39EC34782F3A03F400E89830;
					};
					39EC34912F3A03F800E89830 = {
						CreatedOnToolsVersion = 26.2;
						TestTargetID = 39EC34782F3A03F400E89830;
					};
				};
			};
			buildConfigurationList = 39EC34742F3A03F400E89830 /* Build configuration list for PBXProject "MountainBrowser" */;
			developmentRegion = en;
			hasScannedForEncodings = 0;
			knownRegions = (
				en,
				Base,
				de,
				fr,
				es,
				it,
			);
			mainGroup = 39EC34702F3A03F400E89830;
			minimizedProjectReferenceProxies = 1;
			packageReferences = (
				39237E592F3B3E2200E631AF /* XCRemoteSwiftPackageReference "SwiftSoup" */,
			);
			preferredProjectObjectVersion = 77;
			productRefGroup = 39EC347A2F3A03F400E89830 /* Products */;
			projectDirPath = "";
			projectRoot = "";
			targets = (
				39EC34782F3A03F400E89830 /* MountainBrowser */,
				39EC34872F3A03F800E89830 /* MountainBrowserTests */,
				39EC34912F3A03F800E89830 /* MountainBrowserUITests */,
			);
		};
/* End PBXProject section */

/* Begin PBXResourcesBuildPhase section */
		39EC34772F3A03F400E89830 /* Resources */ = {
			isa = PBXResourcesBuildPhase;
			buildActionMask = 2147483647;
			files = (
				3934A1B22F5EEC68003ABB57 /* Configuration.storekit in Resources */,
			);
			runOnlyForDeploymentPostprocessing = 0;
		};
		39EC34862F3A03F800E89830 /* Resources */ = {
			isa = PBXResourcesBuildPhase;
			buildActionMask = 2147483647;
			files = (
			);
			runOnlyForDeploymentPostprocessing = 0;
		};
		39EC34902F3A03F800E89830 /* Resources */ = {
			isa = PBXResourcesBuildPhase;
			buildActionMask = 2147483647;
			files = (
			);
			runOnlyForDeploymentPostprocessing = 0;
		};
/* End PBXResourcesBuildPhase section */

/* Begin PBXSourcesBuildPhase section */
		39EC34752F3A03F400E89830 /* Sources */ = {
			isa = PBXSourcesBuildPhase;
			buildActionMask = 2147483647;
			files = (
			);
			runOnlyForDeploymentPostprocessing = 0;
		};
		39EC34842F3A03F800E89830 /* Sources */ = {
			isa = PBXSourcesBuildPhase;
			buildActionMask = 2147483647;
			files = (
			);
			runOnlyForDeploymentPostprocessing = 0;
		};
		39EC348E2F3A03F800E89830 /* Sources */ = {
			isa = PBXSourcesBuildPhase;
			buildActionMask = 2147483647;
			files = (
			);
			runOnlyForDeploymentPostprocessing = 0;
		};
/* End PBXSourcesBuildPhase section */

/* Begin PBXTargetDependency section */
		39EC348A2F3A03F800E89830 /* PBXTargetDependency */ = {
			isa = PBXTargetDependency;
			target = 39EC34782F3A03F400E89830 /* MountainBrowser */;
			targetProxy = 39EC34892F3A03F800E89830 /* PBXContainerItemProxy */;
		};
		39EC34942F3A03F800E89830 /* PBXTargetDependency */ = {
			isa = PBXTargetDependency;
			target = 39EC34782F3A03F400E89830 /* MountainBrowser */;
			targetProxy = 39EC34932F3A03F800E89830 /* PBXContainerItemProxy */;
		};
/* End PBXTargetDependency section */

/* Begin XCBuildConfiguration section */
		39EC349A2F3A03F800E89830 /* Debug */ = {
			isa = XCBuildConfiguration;
			buildSettings = {
				ALWAYS_SEARCH_USER_PATHS = NO;
				ASSETCATALOG_COMPILER_GENERATE_SWIFT_ASSET_SYMBOL_EXTENSIONS = YES;
				CLANG_ANALYZER_LOCALIZABILITY_NONLOCALIZED = YES;
				CLANG_ANALYZER_NONNULL = YES;
				CLANG_ANALYZER_NUMBER_OBJECT_CONVERSION = YES_AGGRESSIVE;
				CLANG_CXX_LANGUAGE_STANDARD = "gnu++20";
				CLANG_ENABLE_MODULES = YES;
				CLANG_ENABLE_OBJC_ARC = YES;
				CLANG_ENABLE_OBJC_WEAK = YES;
				CLANG_WARN_BLOCK_CAPTURE_AUTORELEASING = YES;
				CLANG_WARN_BOOL_CONVERSION = YES;
				CLANG_WARN_COMMA = YES;
				CLANG_WARN_CONSTANT_CONVERSION = YES;
				CLANG_WARN_DEPRECATED_OBJC_IMPLEMENTATIONS = YES;
				CLANG_WARN_DIRECT_OBJC_ISA_USAGE = YES_ERROR;
				CLANG_WARN_DOCUMENTATION_COMMENTS = YES;
				CLANG_WARN_EMPTY_BODY = YES;
				CLANG_WARN_ENUM_CONVERSION = YES;
				CLANG_WARN_INFINITE_RECURSION = YES;
				CLANG_WARN_INT_CONVERSION = YES;
				CLANG_WARN_NON_LITERAL_NULL_CONVERSION = YES;
				CLANG_WARN_OBJC_IMPLICIT_RETAIN_SELF = YES;
				CLANG_WARN_OBJC_LITERAL_CONVERSION = YES;
				CLANG_WARN_OBJC_ROOT_CLASS = YES_ERROR;
				CLANG_WARN_QUOTED_INCLUDE_IN_FRAMEWORK_HEADER = YES;
				CLANG_WARN_RANGE_LOOP_ANALYSIS = YES;
				CLANG_WARN_STRICT_PROTOTYPES = YES;
				CLANG_WARN_SUSPICIOUS_MOVE = YES;
				CLANG_WARN_UNGUARDED_AVAILABILITY = YES_AGGRESSIVE;
				CLANG_WARN_UNREACHABLE_CODE = YES;
				CLANG_WARN__DUPLICATE_METHOD_MATCH = YES;
				COPY_PHASE_STRIP = NO;
				DEBUG_INFORMATION_FORMAT = dwarf;
				DEVELOPMENT_TEAM = A4HCRKN53K;
				ENABLE_STRICT_OBJC_MSGSEND = YES;
				ENABLE_TESTABILITY = YES;
				ENABLE_USER_SCRIPT_SANDBOXING = YES;
				GCC_C_LANGUAGE_STANDARD = gnu17;
				GCC_DYNAMIC_NO_PIC = NO;
				GCC_NO_COMMON_BLOCKS = YES;
				GCC_OPTIMIZATION_LEVEL = 0;
				GCC_PREPROCESSOR_DEFINITIONS = (
					"DEBUG=1",
					"$(inherited)",
				);
				GCC_WARN_64_TO_32_BIT_CONVERSION = YES;
				GCC_WARN_ABOUT_RETURN_TYPE = YES_ERROR;
				GCC_WARN_UNDECLARED_SELECTOR = YES;
				GCC_WARN_UNINITIALIZED_AUTOS = YES_AGGRESSIVE;
				GCC_WARN_UNUSED_FUNCTION = YES;
				GCC_WARN_UNUSED_VARIABLE = YES;
				LOCALIZATION_PREFERS_STRING_CATALOGS = YES;
				MTL_ENABLE_DEBUG_INFO = INCLUDE_SOURCE;
				MTL_FAST_MATH = YES;
				NEW_SETTING = "";
				ONLY_ACTIVE_ARCH = YES;
				SDKROOT = appletvos;
				STRING_CATALOG_GENERATE_SYMBOLS = YES;
				SWIFT_ACTIVE_COMPILATION_CONDITIONS = "DEBUG $(inherited)";
				SWIFT_OPTIMIZATION_LEVEL = "-Onone";
				TVOS_DEPLOYMENT_TARGET = 17.0;
			};
			name = Debug;
		};
		39EC349B2F3A03F800E89830 /* Release */ = {
			isa = XCBuildConfiguration;
			buildSettings = {
				ALWAYS_SEARCH_USER_PATHS = NO;
				ASSETCATALOG_COMPILER_GENERATE_SWIFT_ASSET_SYMBOL_EXTENSIONS = YES;
				CLANG_ANALYZER_LOCALIZABILITY_NONLOCALIZED = YES;
				CLANG_ANALYZER_NONNULL = YES;
				CLANG_ANALYZER_NUMBER_OBJECT_CONVERSION = YES_AGGRESSIVE;
				CLANG_CXX_LANGUAGE_STANDARD = "gnu++20";
				CLANG_ENABLE_MODULES = YES;
				CLANG_ENABLE_OBJC_ARC = YES;
				CLANG_ENABLE_OBJC_WEAK = YES;
				CLANG_WARN_BLOCK_CAPTURE_AUTORELEASING = YES;
				CLANG_WARN_BOOL_CONVERSION = YES;
				CLANG_WARN_COMMA = YES;
				CLANG_WARN_CONSTANT_CONVERSION = YES;
				CLANG_WARN_DEPRECATED_OBJC_IMPLEMENTATIONS = YES;
				CLANG_WARN_DIRECT_OBJC_ISA_USAGE = YES_ERROR;
				CLANG_WARN_DOCUMENTATION_COMMENTS = YES;
				CLANG_WARN_EMPTY_BODY = YES;
				CLANG_WARN_ENUM_CONVERSION = YES;
				CLANG_WARN_INFINITE_RECURSION = YES;
				CLANG_WARN_INT_CONVERSION = YES;
				CLANG_WARN_NON_LITERAL_NULL_CONVERSION = YES;
				CLANG_WARN_OBJC_IMPLICIT_RETAIN_SELF = YES;
				CLANG_WARN_OBJC_LITERAL_CONVERSION = YES;
				CLANG_WARN_OBJC_ROOT_CLASS = YES_ERROR;
				CLANG_WARN_QUOTED_INCLUDE_IN_FRAMEWORK_HEADER = YES;
				CLANG_WARN_RANGE_LOOP_ANALYSIS = YES;
				CLANG_WARN_STRICT_PROTOTYPES = YES;
				CLANG_WARN_SUSPICIOUS_MOVE = YES;
				CLANG_WARN_UNGUARDED_AVAILABILITY = YES_AGGRESSIVE;
				CLANG_WARN_UNREACHABLE_CODE = YES;
				CLANG_WARN__DUPLICATE_METHOD_MATCH = YES;
				COPY_PHASE_STRIP = NO;
				DEBUG_INFORMATION_FORMAT = "dwarf-with-dsym";
				DEVELOPMENT_TEAM = A4HCRKN53K;
				ENABLE_NS_ASSERTIONS = NO;
				ENABLE_STRICT_OBJC_MSGSEND = YES;
				ENABLE_USER_SCRIPT_SANDBOXING = YES;
				GCC_C_LANGUAGE_STANDARD = gnu17;
				GCC_NO_COMMON_BLOCKS = YES;
				GCC_WARN_64_TO_32_BIT_CONVERSION = YES;
				GCC_WARN_ABOUT_RETURN_TYPE = YES_ERROR;
				GCC_WARN_UNDECLARED_SELECTOR = YES;
				GCC_WARN_UNINITIALIZED_AUTOS = YES_AGGRESSIVE;
				GCC_WARN_UNUSED_FUNCTION = YES;
				GCC_WARN_UNUSED_VARIABLE = YES;
				LOCALIZATION_PREFERS_STRING_CATALOGS = YES;
				MTL_ENABLE_DEBUG_INFO = NO;
				MTL_FAST_MATH = YES;
				NEW_SETTING = "";
				SDKROOT = appletvos;
				STRING_CATALOG_GENERATE_SYMBOLS = YES;
				SWIFT_COMPILATION_MODE = wholemodule;
				TVOS_DEPLOYMENT_TARGET = 17.0;
				VALIDATE_PRODUCT = YES;
			};
			name = Release;
		};
		39EC349D2F3A03F800E89830 /* Debug */ = {
			isa = XCBuildConfiguration;
			buildSettings = {
				ASSETCATALOG_COMPILER_APPICON_NAME = "App Icon & Top Shelf Image";
				ASSETCATALOG_COMPILER_GLOBAL_ACCENT_COLOR_NAME = AccentColor;
				CODE_SIGN_STYLE = Automatic;
				CURRENT_PROJECT_VERSION = 1;
				DEVELOPMENT_TEAM = A4HCRKN53K;
				ENABLE_PREVIEWS = YES;
				GENERATE_INFOPLIST_FILE = YES;
				INFOPLIST_FILE = MountainBrowser/Info.plist;
				INFOPLIST_KEY_UIUserInterfaceStyle = Automatic;
				LD_RUNPATH_SEARCH_PATHS = (
					"$(inherited)",
					"@executable_path/Frameworks",
				);
				MARKETING_VERSION = 0.4;
				PRODUCT_BUNDLE_IDENTIFIER = Stefan.MountainBrowser;
				PRODUCT_NAME = "$(TARGET_NAME)";
				STRING_CATALOG_GENERATE_SYMBOLS = YES;
				SWIFT_APPROACHABLE_CONCURRENCY = YES;
				SWIFT_DEFAULT_ACTOR_ISOLATION = MainActor;
				SWIFT_EMIT_LOC_STRINGS = YES;
				SWIFT_UPCOMING_FEATURE_MEMBER_IMPORT_VISIBILITY = YES;
				SWIFT_VERSION = 5.0;
				TARGETED_DEVICE_FAMILY = 3;
			};
			name = Debug;
		};
		39EC349E2F3A03F800E89830 /* Release */ = {
			isa = XCBuildConfiguration;
			buildSettings = {
				ASSETCATALOG_COMPILER_APPICON_NAME = "App Icon & Top Shelf Image";
				ASSETCATALOG_COMPILER_GLOBAL_ACCENT_COLOR_NAME = AccentColor;
				CODE_SIGN_STYLE = Automatic;
				CURRENT_PROJECT_VERSION = 1;
				DEVELOPMENT_TEAM = A4HCRKN53K;
				ENABLE_PREVIEWS = YES;
				GENERATE_INFOPLIST_FILE = YES;
				INFOPLIST_FILE = MountainBrowser/Info.plist;
				INFOPLIST_KEY_UIUserInterfaceStyle = Automatic;
				LD_RUNPATH_SEARCH_PATHS = (
					"$(inherited)",
					"@executable_path/Frameworks",
				);
				MARKETING_VERSION = 0.4;
				PRODUCT_BUNDLE_IDENTIFIER = Stefan.MountainBrowser;
				PRODUCT_NAME = "$(TARGET_NAME)";
				STRING_CATALOG_GENERATE_SYMBOLS = YES;
				SWIFT_APPROACHABLE_CONCURRENCY = YES;
				SWIFT_DEFAULT_ACTOR_ISOLATION = MainActor;
				SWIFT_EMIT_LOC_STRINGS = YES;
				SWIFT_UPCOMING_FEATURE_MEMBER_IMPORT_VISIBILITY = YES;
				SWIFT_VERSION = 5.0;
				TARGETED_DEVICE_FAMILY = 3;
			};
			name = Release;
		};
		39EC34A02F3A03F800E89830 /* Debug */ = {
			isa = XCBuildConfiguration;
			buildSettings = {
				BUNDLE_LOADER = "$(TEST_HOST)";
				CODE_SIGN_STYLE = Automatic;
				CURRENT_PROJECT_VERSION = 1;
				DEVELOPMENT_TEAM = A4HCRKN53K;
				GENERATE_INFOPLIST_FILE = YES;
				MARKETING_VERSION = 1.0;
				PRODUCT_BUNDLE_IDENTIFIER = Stefan.MountainBrowserTests;
				PRODUCT_NAME = "$(TARGET_NAME)";
				STRING_CATALOG_GENERATE_SYMBOLS = NO;
				SWIFT_APPROACHABLE_CONCURRENCY = YES;
				SWIFT_EMIT_LOC_STRINGS = NO;
				SWIFT_UPCOMING_FEATURE_MEMBER_IMPORT_VISIBILITY = YES;
				SWIFT_VERSION = 5.0;
				TARGETED_DEVICE_FAMILY = 3;
				TEST_HOST = "$(BUILT_PRODUCTS_DIR)/MountainBrowser.app/$(BUNDLE_EXECUTABLE_FOLDER_PATH)/MountainBrowser";
				TVOS_DEPLOYMENT_TARGET = 17.0;
			};
			name = Debug;
		};
		39EC34A12F3A03F800E89830 /* Release */ = {
			isa = XCBuildConfiguration;
			buildSettings = {
				BUNDLE_LOADER = "$(TEST_HOST)";
				CODE_SIGN_STYLE = Automatic;
				CURRENT_PROJECT_VERSION = 1;
				DEVELOPMENT_TEAM = A4HCRKN53K;
				GENERATE_INFOPLIST_FILE = YES;
				MARKETING_VERSION = 1.0;
				PRODUCT_BUNDLE_IDENTIFIER = Stefan.MountainBrowserTests;
				PRODUCT_NAME = "$(TARGET_NAME)";
				STRING_CATALOG_GENERATE_SYMBOLS = NO;
				SWIFT_APPROACHABLE_CONCURRENCY = YES;
				SWIFT_EMIT_LOC_STRINGS = NO;
				SWIFT_UPCOMING_FEATURE_MEMBER_IMPORT_VISIBILITY = YES;
				SWIFT_VERSION = 5.0;
				TARGETED_DEVICE_FAMILY = 3;
				TEST_HOST = "$(BUILT_PRODUCTS_DIR)/MountainBrowser.app/$(BUNDLE_EXECUTABLE_FOLDER_PATH)/MountainBrowser";
				TVOS_DEPLOYMENT_TARGET = 17.0;
			};
			name = Release;
		};
		39EC34A32F3A03F800E89830 /* Debug */ = {
			isa = XCBuildConfiguration;
			buildSettings = {
				CODE_SIGN_STYLE = Automatic;
				CURRENT_PROJECT_VERSION = 1;
				DEVELOPMENT_TEAM = A4HCRKN53K;
				GENERATE_INFOPLIST_FILE = YES;
				MARKETING_VERSION = 1.0;
				PRODUCT_BUNDLE_IDENTIFIER = Stefan.MountainBrowserUITests;
				PRODUCT_NAME = "$(TARGET_NAME)";
				STRING_CATALOG_GENERATE_SYMBOLS = NO;
				SWIFT_APPROACHABLE_CONCURRENCY = YES;
				SWIFT_EMIT_LOC_STRINGS = NO;
				SWIFT_UPCOMING_FEATURE_MEMBER_IMPORT_VISIBILITY = YES;
				SWIFT_VERSION = 5.0;
				TARGETED_DEVICE_FAMILY = 3;
				TEST_TARGET_NAME = MountainBrowser;
			};
			name = Debug;
		};
		39EC34A42F3A03F800E89830 /* Release */ = {
			isa = XCBuildConfiguration;
			buildSettings = {
				CODE_SIGN_STYLE = Automatic;
				CURRENT_PROJECT_VERSION = 1;
				DEVELOPMENT_TEAM = A4HCRKN53K;
				GENERATE_INFOPLIST_FILE = YES;
				MARKETING_VERSION = 1.0;
				PRODUCT_BUNDLE_IDENTIFIER = Stefan.MountainBrowserUITests;
				PRODUCT_NAME = "$(TARGET_NAME)";
				STRING_CATALOG_GENERATE_SYMBOLS = NO;
				SWIFT_APPROACHABLE_CONCURRENCY = YES;
				SWIFT_EMIT_LOC_STRINGS = NO;
				SWIFT_UPCOMING_FEATURE_MEMBER_IMPORT_VISIBILITY = YES;
				SWIFT_VERSION = 5.0;
				TARGETED_DEVICE_FAMILY = 3;
				TEST_TARGET_NAME = MountainBrowser;
			};
			name = Release;
		};
/* End XCBuildConfiguration section */

/* Begin XCConfigurationList section */
		39EC34742F3A03F400E89830 /* Build configuration list for PBXProject "MountainBrowser" */ = {
			isa = XCConfigurationList;
			buildConfigurations = (
				39EC349A2F3A03F800E89830 /* Debug */,
				39EC349B2F3A03F800E89830 /* Release */,
			);
			defaultConfigurationIsVisible = 0;
			defaultConfigurationName = Release;
		};
		39EC349C2F3A03F800E89830 /* Build configuration list for PBXNativeTarget "MountainBrowser" */ = {
			isa = XCConfigurationList;
			buildConfigurations = (
				39EC349D2F3A03F800E89830 /* Debug */,
				39EC349E2F3A03F800E89830 /* Release */,
			);
			defaultConfigurationIsVisible = 0;
			defaultConfigurationName = Release;
		};
		39EC349F2F3A03F800E89830 /* Build configuration list for PBXNativeTarget "MountainBrowserTests" */ = {
			isa = XCConfigurationList;
			buildConfigurations = (
				39EC34A02F3A03F800E89830 /* Debug */,
				39EC34A12F3A03F800E89830 /* Release */,
			);
			defaultConfigurationIsVisible = 0;
			defaultConfigurationName = Release;
		};
		39EC34A22F3A03F800E89830 /* Build configuration list for PBXNativeTarget "MountainBrowserUITests" */ = {
			isa = XCConfigurationList;
			buildConfigurations = (
				39EC34A32F3A03F800E89830 /* Debug */,
				39EC34A42F3A03F800E89830 /* Release */,
			);
			defaultConfigurationIsVisible = 0;
			defaultConfigurationName = Release;
		};
/* End XCConfigurationList section */

/* Begin XCRemoteSwiftPackageReference section */
		39237E592F3B3E2200E631AF /* XCRemoteSwiftPackageReference "SwiftSoup" */ = {
			isa = XCRemoteSwiftPackageReference;
			repositoryURL = "https://github.com/scinfu/SwiftSoup.git";
			requirement = {
				kind = upToNextMajorVersion;
				minimumVersion = 2.11.3;
			};
		};
/* End XCRemoteSwiftPackageReference section */
	};
	rootObject = 39EC34712F3A03F400E89830 /* Project object */;
}
